
Microsoft Visual Studio Solution File, Format Version 12.00
# Visual Studio Version 16
VisualStudioVersion = 16.0.30804.86
MinimumVisualStudioVersion = 10.0.40219.1
Project("{9A19103F-16F7-4668-BE54-9A1E7A4F7556}") = "MyVoteApi.Service", "MyVoteApi.Service.csproj", "{259270E2-DA51-487F-836A-60894419F157}"
EndProject
Project("{FAE04EC0-301F-11D3-BF4B-00C04F79EFBC}") = "MyVoteApi.Data", "..\MyVoteApi.Data\MyVoteApi.Data.csproj", "{0F547FD3-7A99-4821-A8DE-B76C4E1F15FB}"
EndProject
Global
	GlobalSection(SolutionConfigurationPlatforms) = preSolution
		Debug|Any CPU = Debug|Any CPU
		Release|Any CPU = Release|Any CPU
	EndGlobalSection
	GlobalSection(ProjectConfigurationPlatforms) = postSolution
		{259270E2-DA51-487F-836A-60894419F157}.Debug|Any CPU.ActiveCfg = Debug|Any CPU
		{259270E2-DA51-487F-836A-60894419F157}.Debug|Any CPU.Build.0 = Debug|Any CPU
		{259270E2-DA51-487F-836A-60894419F157}.Release|Any CPU.ActiveCfg = Release|Any CPU
		{259270E2-DA51-487F-836A-60894419F157}.Release|Any CPU.Build.0 = Release|Any CPU
		{0F547FD3-7A99-4821-A8DE-B76C4E1F15FB}.Debug|Any CPU.ActiveCfg = Debug|Any CPU
		{0F547FD3-7A99-4821-A8DE-B76C4E1F15FB}.Debug|Any CPU.Build.0 = Debug|Any CPU
		{0F547FD3-7A99-4821-A8DE-B76C4E1F15FB}.Release|Any CPU.ActiveCfg = Release|Any CPU
		{0F547FD3-7A99-4821-A8DE-B76C4E1F15FB}.Release|Any CPU.Build.0 = Release|Any CPU
	EndGlobalSection
	GlobalSection(SolutionProperties) = preSolution
		HideSolutionNode = FALSE
	EndGlobalSection
	GlobalSection(ExtensibilityGlobals) = postSolution
		SolutionGuid = {2F1510AD-ED5F-4DCD-81DD-B09576499CC2}
	EndGlobalSection
EndGlobal
